{
  "R": {
    "Version": "4.3.1",
    "Repositories": [
      {
        "Name": "CRAN",
        "URL": "https://packagemanager.posit.co/cran/latest"
      }
    ]
  },
  "Packages": {
    "olympicsWeather": {
      "Package": "olympicsWeather",
      "Version": "0.0.0.9000",
      "Source": "GitHub",
      "RemoteType": "github",
      "RemoteHost": "api.github.com",
      "RemoteUsername": "JabJabCross",
      "RemoteRepo": "olympicsWeather",
      "RemoteRef": "main",
      "RemoteSha": "17863a66660381f755a613fc7612ea78199b90ed",
      "Hash": "ea0081da12de6aa1b0ea9f6441083886"
    }
  }
}
